
Microsoft Visual Studio Solution File, Format Version 12.00
# Visual Studio Version 17
VisualStudioVersion = 17.14.36511.14
MinimumVisualStudioVersion = 10.0.40219.1
Project("{FAE04EC0-301F-11D3-BF4B-00C04F79EFBC}") = "A42_EduardoCarcaboso_BindingConObjetoNegocio", "A4.2_BindingConObjetoNegocio\A42_EduardoCarcaboso_BindingConObjetoNegocio.csproj", "{515B2E3E-1BDD-4CE4-9A78-00E8BFBDF8D6}"
EndProject
Global
	GlobalSection(SolutionConfigurationPlatforms) = preSolution
		Debug|Any CPU = Debug|Any CPU
		Release|Any CPU = Release|Any CPU
	EndGlobalSection
	GlobalSection(ProjectConfigurationPlatforms) = postSolution
		{515B2E3E-1BDD-4CE4-9A78-00E8BFBDF8D6}.Debug|Any CPU.ActiveCfg = Debug|Any CPU
		{515B2E3E-1BDD-4CE4-9A78-00E8BFBDF8D6}.Debug|Any CPU.Build.0 = Debug|Any CPU
		{515B2E3E-1BDD-4CE4-9A78-00E8BFBDF8D6}.Release|Any CPU.ActiveCfg = Release|Any CPU
		{515B2E3E-1BDD-4CE4-9A78-00E8BFBDF8D6}.Release|Any CPU.Build.0 = Release|Any CPU
	EndGlobalSection
	GlobalSection(SolutionProperties) = preSolution
		HideSolutionNode = FALSE
	EndGlobalSection
	GlobalSection(ExtensibilityGlobals) = postSolution
		SolutionGuid = {46EC082F-8D8B-40C8-B915-6F0BAC9BD2FE}
	EndGlobalSection
EndGlobal
